
Microsoft Visual Studio Solution File, Format Version 12.00
# Visual Studio Version 16
VisualStudioVersion = 16.0.29806.167
MinimumVisualStudioVersion = 10.0.40219.1
Project("{FAE04EC0-301F-11D3-BF4B-00C04F79EFBC}") = "ClassDemoLinqApp", "ClassDemoLinqApp\ClassDemoLinqApp.csproj", "{B1A0E05E-230B-4403-9CFB-CC082937C34C}"
EndProject
Project("{FAE04EC0-301F-11D3-BF4B-00C04F79EFBC}") = "ClassDemoLinqLib", "ClassDemoLinqLib\ClassDemoLinqLib.csproj", "{D309D3BD-F8DA-4B04-A70C-8D1BEF3CF751}"
EndProject
Global
	GlobalSection(SolutionConfigurationPlatforms) = preSolution
		Debug|Any CPU = Debug|Any CPU
		Release|Any CPU = Release|Any CPU
	EndGlobalSection
	GlobalSection(ProjectConfigurationPlatforms) = postSolution
		{B1A0E05E-230B-4403-9CFB-CC082937C34C}.Debug|Any CPU.ActiveCfg = Debug|Any CPU
		{B1A0E05E-230B-4403-9CFB-CC082937C34C}.Debug|Any CPU.Build.0 = Debug|Any CPU
		{B1A0E05E-230B-4403-9CFB-CC082937C34C}.Release|Any CPU.ActiveCfg = Release|Any CPU
		{B1A0E05E-230B-4403-9CFB-CC082937C34C}.Release|Any CPU.Build.0 = Release|Any CPU
		{D309D3BD-F8DA-4B04-A70C-8D1BEF3CF751}.Debug|Any CPU.ActiveCfg = Debug|Any CPU
		{D309D3BD-F8DA-4B04-A70C-8D1BEF3CF751}.Debug|Any CPU.Build.0 = Debug|Any CPU
		{D309D3BD-F8DA-4B04-A70C-8D1BEF3CF751}.Release|Any CPU.ActiveCfg = Release|Any CPU
		{D309D3BD-F8DA-4B04-A70C-8D1BEF3CF751}.Release|Any CPU.Build.0 = Release|Any CPU
	EndGlobalSection
	GlobalSection(SolutionProperties) = preSolution
		HideSolutionNode = FALSE
	EndGlobalSection
	GlobalSection(ExtensibilityGlobals) = postSolution
		SolutionGuid = {F31231AB-FFB4-4EA3-A43A-C194D18AF32F}
	EndGlobalSection
EndGlobal
